// !$*UTF8*$!
{
	archiveVersion = 1;
	classes = {
	};
	objectVersion = 56;
	objects = {

/* Begin PBXBuildFile section */
		A1000001 /* ExternalDisplayApp.swift in Sources */ = {isa = PBXBuildFile; fileRef = A2000001; };
		A1000002 /* ScreenReceiverView.swift in Sources */ = {isa = PBXBuildFile; fileRef = A2000002; };
/* End PBXBuildFile section */

/* Begin PBXFileReference section */
		A2000001 /* ExternalDisplayApp.swift */ = {isa = PBXFileReference; lastKnownFileType = sourcecode.swift; path = ExternalDisplayApp.swift; sourceTree = "<group>"; };
		A2000002 /* ScreenReceiverView.swift */ = {isa = PBXFileReference; lastKnownFileType = sourcecode.swift; path = ScreenReceiverView.swift; sourceTree = "<group>"; };
		A2000003 /* Info.plist */ = {isa = PBXFileReference; lastKnownFileType = text.plist.xml; path = Info.plist; sourceTree = "<group>"; };
		A2000010 /* ExternalDisplay.app */ = {isa = PBXFileReference; explicitFileType = wrapper.application; includeInIndex = 0; path = ExternalDisplay.app; sourceTree = BUILT_PRODUCTS_DIR; };
/* End PBXFileReference section */

/* Begin PBXGroup section */
		A3000001 = {
			isa = PBXGroup;
			children = (
				A3000002 /* ExternalDisplay */,
				A3000003 /* Products */,
			);
			sourceTree = "<group>";
		};
		A3000002 /* ExternalDisplay */ = {
			isa = PBXGroup;
			children = (
				A2000001 /* ExternalDisplayApp.swift */,
				A2000002 /* ScreenReceiverView.swift */,
				A2000003 /* Info.plist */,
			);
			path = ExternalDisplay;
			sourceTree = "<group>";
		};
		A3000003 /* Products */ = {
			isa = PBXGroup;
			children = (
				A2000010 /* ExternalDisplay.app */,
			);
			name = Products;
			sourceTree = "<group>";
		};
/* End PBXGroup section */

/* Begin PBXNativeTarget section */
		A4000001 /* ExternalDisplay */ = {
			isa = PBXNativeTarget;
			buildConfigurationList = A6000003 /* Build configuration list for PBXNativeTarget "ExternalDisplay" */;
			buildPhases = (
				A5000001 /* Sources */,
				A5000002 /* Frameworks */,
			);
			buildRules = (
			);
			dependencies = (
			);
			name = ExternalDisplay;
			productName = ExternalDisplay;
			productReference = A2000010 /* ExternalDisplay.app */;
			productType = "com.apple.product-type.application";
		};
/* End PBXNativeTarget section */

/* Begin PBXProject section */
		A0000001 /* Project object */ = {
			isa = PBXProject;
			attributes = {
				BuildIndependentTargetsInParallel = 1;
				LastSwiftUpdateCheck = 1600;
				LastUpgradeCheck = 1600;
			};
			buildConfigurationList = A6000001 /* Build configuration list for PBXProject "ExternalDisplay" */;
			compatibilityVersion = "Xcode 14.0";
			developmentRegion = en;
			hasScannedForEncodings = 0;
			knownRegions = (
				en,
				Base,
			);
			mainGroup = A3000001;
			productRefGroup = A3000003 /* Products */;
			projectDirPath = "";
			projectRoot = "";
			targets = (
				A4000001 /* ExternalDisplay */,
			);
		};
/* End PBXProject section */

/* Begin PBXSourcesBuildPhase section */
		A5000001 /* Sources */ = {
			isa = PBXSourcesBuildPhase;
			buildActionMask = 2147483647;
			files = (
				A1000001 /* ExternalDisplayApp.swift in Sources */,
				A1000002 /* ScreenReceiverView.swift in Sources */,
			);
			runOnlyForDeploymentPostprocessing = 0;
		};
/* End PBXSourcesBuildPhase section */

/* Begin PBXFrameworksBuildPhase section */
		A5000002 /* Frameworks */ = {
			isa = PBXFrameworksBuildPhase;
			buildActionMask = 2147483647;
			files = (
			);
			runOnlyForDeploymentPostprocessing = 0;
		};
/* End PBXFrameworksBuildPhase section */

/* Begin XCBuildConfiguration section */
		A6000010 /* Debug */ = {
			isa = XCBuildConfiguration;
			buildSettings = {
				ALWAYS_SEARCH_USER_PATHS = NO;
				CLANG_ENABLE_MODULES = YES;
				CLANG_ENABLE_OBJC_ARC = YES;
				CODE_SIGNING_ALLOWED = YES;
				CODE_SIGN_STYLE = Automatic;
				COPY_PHASE_STRIP = NO;
				DEBUG_INFORMATION_FORMAT = dwarf;
				ENABLE_STRICT_OBJC_MSGSEND = YES;
				GCC_OPTIMIZATION_LEVEL = 0;
				IPHONEOS_DEPLOYMENT_TARGET = 17.0;
				MTL_ENABLE_DEBUG_INFO = INCLUDE_SOURCE;
				ONLY_ACTIVE_ARCH = YES;
				SDKROOT = iphoneos;
				SWIFT_ACTIVE_COMPILATION_CONDITIONS = DEBUG;
				SWIFT_OPTIMIZATION_LEVEL = "-Onone";
			};
			name = Debug;
		};
		A6000011 /* Release */ = {
			isa = XCBuildConfiguration;
			buildSettings = {
				ALWAYS_SEARCH_USER_PATHS = NO;
				CLANG_ENABLE_MODULES = YES;
				CLANG_ENABLE_OBJC_ARC = YES;
				CODE_SIGNING_ALLOWED = YES;
				CODE_SIGN_STYLE = Automatic;
				COPY_PHASE_STRIP = NO;
				DEBUG_INFORMATION_FORMAT = "dwarf-with-dsym";
				ENABLE_NS_ASSERTIONS = NO;
				ENABLE_STRICT_OBJC_MSGSEND = YES;
				GCC_OPTIMIZATION_LEVEL = s;
				IPHONEOS_DEPLOYMENT_TARGET = 17.0;
				SDKROOT = iphoneos;
				SWIFT_COMPILATION_MODE = wholemodule;
				SWIFT_OPTIMIZATION_LEVEL = "-O";
				VALIDATE_PRODUCT = YES;
			};
			name = Release;
		};
		A6000020 /* Debug */ = {
			isa = XCBuildConfiguration;
			buildSettings = {
				ASSETCATALOG_COMPILER_APPICON_NAME = AppIcon;
				CODE_SIGN_STYLE = Automatic;
				CURRENT_PROJECT_VERSION = 1;
				DEVELOPMENT_TEAM = "";
				INFOPLIST_FILE = ExternalDisplay/Info.plist;
				IPHONEOS_DEPLOYMENT_TARGET = 17.0;
				LD_RUNPATH_SEARCH_PATHS = (
					"$(inherited)",
					"@executable_path/Frameworks",
				);
				MARKETING_VERSION = 1.0;
				PRODUCT_BUNDLE_IDENTIFIER = com.makoto.externaldisplay;
				PRODUCT_NAME = "$(TARGET_NAME)";
				SUPPORTED_PLATFORMS = "iphoneos iphonesimulator";
				SUPPORTS_MACCATALYST = NO;
				SWIFT_EMIT_LOC_STRINGS = YES;
				SWIFT_VERSION = 5.0;
				TARGETED_DEVICE_FAMILY = 2;
			};
			name = Debug;
		};
		A6000021 /* Release */ = {
			isa = XCBuildConfiguration;
			buildSettings = {
				ASSETCATALOG_COMPILER_APPICON_NAME = AppIcon;
				CODE_SIGN_STYLE = Automatic;
				CURRENT_PROJECT_VERSION = 1;
				DEVELOPMENT_TEAM = "";
				INFOPLIST_FILE = ExternalDisplay/Info.plist;
				IPHONEOS_DEPLOYMENT_TARGET = 17.0;
				LD_RUNPATH_SEARCH_PATHS = (
					"$(inherited)",
					"@executable_path/Frameworks",
				);
				MARKETING_VERSION = 1.0;
				PRODUCT_BUNDLE_IDENTIFIER = com.makoto.externaldisplay;
				PRODUCT_NAME = "$(TARGET_NAME)";
				SUPPORTED_PLATFORMS = "iphoneos iphonesimulator";
				SUPPORTS_MACCATALYST = NO;
				SWIFT_EMIT_LOC_STRINGS = YES;
				SWIFT_VERSION = 5.0;
				TARGETED_DEVICE_FAMILY = 2;
			};
			name = Release;
		};
/* End XCBuildConfiguration section */

/* Begin XCConfigurationList section */
		A6000001 /* Build configuration list for PBXProject "ExternalDisplay" */ = {
			isa = XCConfigurationList;
			buildConfigurations = (
				A6000010 /* Debug */,
				A6000011 /* Release */,
			);
			defaultConfigurationIsVisible = 0;
			defaultConfigurationName = Release;
		};
		A6000003 /* Build configuration list for PBXNativeTarget "ExternalDisplay" */ = {
			isa = XCConfigurationList;
			buildConfigurations = (
				A6000020 /* Debug */,
				A6000021 /* Release */,
			);
			defaultConfigurationIsVisible = 0;
			defaultConfigurationName = Release;
		};
/* End XCConfigurationList section */

	};
	rootObject = A0000001 /* Project object */;
}
